
Microsoft Visual Studio Solution File, Format Version 12.00
Project("{FAE04EC0-301F-11D3-BF4B-00C04F79EFBC}") = "prework", "prework\prework.csproj", "{3DE457D4-484C-4E83-89A5-678F7324E98F}"
EndProject
Project("{2150E333-8FDC-42A3-9474-1A3956D46DE8}") = "src", "src", "{E778590A-410D-416E-AC6D-0ACE3D39A4A2}"
EndProject
Project("{2150E333-8FDC-42A3-9474-1A3956D46DE8}") = "tests", "tests", "{E562844C-5E68-425F-A10A-4F5091A31FCA}"
EndProject
Project("{FAE04EC0-301F-11D3-BF4B-00C04F79EFBC}") = "Agent.API", "src\Agent.API\Agent.API.csproj", "{F31414C9-D867-40DB-AFCB-DA8278DC2E2C}"
EndProject
Project("{FAE04EC0-301F-11D3-BF4B-00C04F79EFBC}") = "Agent.Application", "src\Agent.Application\Agent.Application.csproj", "{1B3527E5-403A-4287-B10F-F856EBBB768B}"
EndProject
Project("{FAE04EC0-301F-11D3-BF4B-00C04F79EFBC}") = "Agent.Infrastructure", "src\Agent.Infrastructure\Agent.Infrastructure.csproj", "{EF772D20-8BB0-45FC-8B4C-6962F1305BD9}"
EndProject
Project("{FAE04EC0-301F-11D3-BF4B-00C04F79EFBC}") = "Agent.Core", "src\Agent.Core\Agent.Core.csproj", "{AF374C3F-681F-405C-AF7D-5247568F1152}"
EndProject
Project("{2150E333-8FDC-42A3-9474-1A3956D46DE8}") = "Solution Items", "Solution Items", "{E2DA20AA-28D1-455C-BF50-C49A8F831633}"
    ProjectSection(SolutionItems) = preProject
        .editorconfig = .editorconfig
        .gitignore = .gitignore
        Directory.Build.props = Directory.Build.props
        Directory.Packages.props = Directory.Packages.props
        global.json = global.json
        nuget.config = nuget.config
        README.md = README.md
        stylecop.json = stylecop.json
        StyleCopsRules.ruleset = StyleCopsRules.ruleset
    EndProjectSection
EndProject
Project("{2150E333-8FDC-42A3-9474-1A3956D46DE8}") = ".run", ".run", "{B3B1C5E1-4D3B-4B8E-8B1E-1C5E4D3B4B8E}"
    ProjectSection(SolutionItems) = preProject
        .run/Agent.API.run.xml = .run/Agent.API.run.xml
        .run/Agent.AppHost.run.xml = .run/Agent.AppHost.run.xml
        .run/prework.run.xml = .run/prework.run.xml
    EndProjectSection
EndProject
Project("{FAE04EC0-301F-11D3-BF4B-00C04F79EFBC}") = "Agent.Infrastructure.Tests", "tests\Agent.Infrastructure.Tests\Agent.Infrastructure.Tests.csproj", "{49E4D55A-A5D0-4653-910E-387DE4CE23F2}"
EndProject
Project("{FAE04EC0-301F-11D3-BF4B-00C04F79EFBC}") = "Agent.Application.Tests", "tests\Agent.Application.Tests\Agent.Application.Tests.csproj", "{0C1854D0-A6B5-4094-BBA0-5F2A357204C9}"
EndProject
Project("{FAE04EC0-301F-11D3-BF4B-00C04F79EFBC}") = "Architecture.Tests", "tests\Architecture.Tests\Architecture.Tests.csproj", "{41D416DE-1784-41F2-AD10-69E8BE83B4C2}"
EndProject
Project("{FAE04EC0-301F-11D3-BF4B-00C04F79EFBC}") = "Agent.AppHost", "src\Agent.AppHost\Agent.AppHost.csproj", "{A31ECDB6-4BA2-4763-B510-2C2A9C9737CC}"
EndProject
Project("{FAE04EC0-301F-11D3-BF4B-00C04F79EFBC}") = "Agent.ServiceDefaults", "src\Agent.ServiceDefaults\Agent.ServiceDefaults.csproj", "{B4D85AE8-81A6-4DBE-8AFB-EF94CC7E1088}"
EndProject
Global
    GlobalSection(SolutionConfigurationPlatforms) = preSolution
        Debug|Any CPU = Debug|Any CPU
        Release|Any CPU = Release|Any CPU
    EndGlobalSection
    GlobalSection(ProjectConfigurationPlatforms) = postSolution
        {3DE457D4-484C-4E83-89A5-678F7324E98F}.Debug|Any CPU.ActiveCfg = Debug|Any CPU
        {3DE457D4-484C-4E83-89A5-678F7324E98F}.Debug|Any CPU.Build.0 = Debug|Any CPU
        {3DE457D4-484C-4E83-89A5-678F7324E98F}.Release|Any CPU.ActiveCfg = Release|Any CPU
        {3DE457D4-484C-4E83-89A5-678F7324E98F}.Release|Any CPU.Build.0 = Release|Any CPU
        {F31414C9-D867-40DB-AFCB-DA8278DC2E2C}.Debug|Any CPU.ActiveCfg = Debug|Any CPU
        {F31414C9-D867-40DB-AFCB-DA8278DC2E2C}.Debug|Any CPU.Build.0 = Debug|Any CPU
        {F31414C9-D867-40DB-AFCB-DA8278DC2E2C}.Release|Any CPU.ActiveCfg = Release|Any CPU
        {F31414C9-D867-40DB-AFCB-DA8278DC2E2C}.Release|Any CPU.Build.0 = Release|Any CPU
        {1B3527E5-403A-4287-B10F-F856EBBB768B}.Debug|Any CPU.ActiveCfg = Debug|Any CPU
        {1B3527E5-403A-4287-B10F-F856EBBB768B}.Debug|Any CPU.Build.0 = Debug|Any CPU
        {1B3527E5-403A-4287-B10F-F856EBBB768B}.Release|Any CPU.ActiveCfg = Release|Any CPU
        {1B3527E5-403A-4287-B10F-F856EBBB768B}.Release|Any CPU.Build.0 = Release|Any CPU
        {EF772D20-8BB0-45FC-8B4C-6962F1305BD9}.Debug|Any CPU.ActiveCfg = Debug|Any CPU
        {EF772D20-8BB0-45FC-8B4C-6962F1305BD9}.Debug|Any CPU.Build.0 = Debug|Any CPU
        {EF772D20-8BB0-45FC-8B4C-6962F1305BD9}.Release|Any CPU.ActiveCfg = Release|Any CPU
        {EF772D20-8BB0-45FC-8B4C-6962F1305BD9}.Release|Any CPU.Build.0 = Release|Any CPU
        {AF374C3F-681F-405C-AF7D-5247568F1152}.Debug|Any CPU.ActiveCfg = Debug|Any CPU
        {AF374C3F-681F-405C-AF7D-5247568F1152}.Debug|Any CPU.Build.0 = Debug|Any CPU
        {AF374C3F-681F-405C-AF7D-5247568F1152}.Release|Any CPU.ActiveCfg = Release|Any CPU
        {AF374C3F-681F-405C-AF7D-5247568F1152}.Release|Any CPU.Build.0 = Release|Any CPU
        {49E4D55A-A5D0-4653-910E-387DE4CE23F2}.Debug|Any CPU.ActiveCfg = Debug|Any CPU
        {49E4D55A-A5D0-4653-910E-387DE4CE23F2}.Debug|Any CPU.Build.0 = Debug|Any CPU
        {49E4D55A-A5D0-4653-910E-387DE4CE23F2}.Release|Any CPU.ActiveCfg = Release|Any CPU
        {49E4D55A-A5D0-4653-910E-387DE4CE23F2}.Release|Any CPU.Build.0 = Release|Any CPU
        {0C1854D0-A6B5-4094-BBA0-5F2A357204C9}.Debug|Any CPU.ActiveCfg = Debug|Any CPU
        {0C1854D0-A6B5-4094-BBA0-5F2A357204C9}.Debug|Any CPU.Build.0 = Debug|Any CPU
        {0C1854D0-A6B5-4094-BBA0-5F2A357204C9}.Release|Any CPU.ActiveCfg = Release|Any CPU
        {0C1854D0-A6B5-4094-BBA0-5F2A357204C9}.Release|Any CPU.Build.0 = Release|Any CPU
        {41D416DE-1784-41F2-AD10-69E8BE83B4C2}.Debug|Any CPU.ActiveCfg = Debug|Any CPU
        {41D416DE-1784-41F2-AD10-69E8BE83B4C2}.Debug|Any CPU.Build.0 = Debug|Any CPU
        {41D416DE-1784-41F2-AD10-69E8BE83B4C2}.Release|Any CPU.ActiveCfg = Release|Any CPU
        {41D416DE-1784-41F2-AD10-69E8BE83B4C2}.Release|Any CPU.Build.0 = Release|Any CPU
        {A31ECDB6-4BA2-4763-B510-2C2A9C9737CC}.Debug|Any CPU.ActiveCfg = Debug|Any CPU
        {A31ECDB6-4BA2-4763-B510-2C2A9C9737CC}.Debug|Any CPU.Build.0 = Debug|Any CPU
        {A31ECDB6-4BA2-4763-B510-2C2A9C9737CC}.Release|Any CPU.ActiveCfg = Release|Any CPU
        {A31ECDB6-4BA2-4763-B510-2C2A9C9737CC}.Release|Any CPU.Build.0 = Release|Any CPU
        {B4D85AE8-81A6-4DBE-8AFB-EF94CC7E1088}.Debug|Any CPU.ActiveCfg = Debug|Any CPU
        {B4D85AE8-81A6-4DBE-8AFB-EF94CC7E1088}.Debug|Any CPU.Build.0 = Debug|Any CPU
        {B4D85AE8-81A6-4DBE-8AFB-EF94CC7E1088}.Release|Any CPU.ActiveCfg = Release|Any CPU
        {B4D85AE8-81A6-4DBE-8AFB-EF94CC7E1088}.Release|Any CPU.Build.0 = Release|Any CPU
    EndGlobalSection
    GlobalSection(NestedProjects) = preSolution
        {F31414C9-D867-40DB-AFCB-DA8278DC2E2C} = {E778590A-410D-416E-AC6D-0ACE3D39A4A2}
        {1B3527E5-403A-4287-B10F-F856EBBB768B} = {E778590A-410D-416E-AC6D-0ACE3D39A4A2}
        {EF772D20-8BB0-45FC-8B4C-6962F1305BD9} = {E778590A-410D-416E-AC6D-0ACE3D39A4A2}
        {AF374C3F-681F-405C-AF7D-5247568F1152} = {E778590A-410D-416E-AC6D-0ACE3D39A4A2}
        {49E4D55A-A5D0-4653-910E-387DE4CE23F2} = {E562844C-5E68-425F-A10A-4F5091A31FCA}
        {0C1854D0-A6B5-4094-BBA0-5F2A357204C9} = {E562844C-5E68-425F-A10A-4F5091A31FCA}
        {41D416DE-1784-41F2-AD10-69E8BE83B4C2} = {E562844C-5E68-425F-A10A-4F5091A31FCA}
        {A31ECDB6-4BA2-4763-B510-2C2A9C9737CC} = {E778590A-410D-416E-AC6D-0ACE3D39A4A2}
        {B4D85AE8-81A6-4DBE-8AFB-EF94CC7E1088} = {E778590A-410D-416E-AC6D-0ACE3D39A4A2}
    EndGlobalSection
EndGlobal
