
Microsoft Visual Studio Solution File, Format Version 12.00
Project("{FAE04EC0-301F-11D3-BF4B-00C04F79EFBC}") = "prework", "prework\prework.csproj", "{3DE457D4-484C-4E83-89A5-678F7324E98F}"
EndProject
Project("{2150E333-8FDC-42A3-9474-1A3956D46DE8}") = "src", "src", "{E778590A-410D-416E-AC6D-0ACE3D39A4A2}"
EndProject
Project("{2150E333-8FDC-42A3-9474-1A3956D46DE8}") = "tests", "tests", "{E562844C-5E68-425F-A10A-4F5091A31FCA}"
EndProject
Project("{2150E333-8FDC-42A3-9474-1A3956D46DE8}") = "Solution Items", "Solution Items", "{E2DA20AA-28D1-455C-BF50-C49A8F831633}"
	ProjectSection(SolutionItems) = preProject
		.editorconfig = .editorconfig
		.gitignore = .gitignore
		Directory.Build.props = Directory.Build.props
		Directory.Packages.props = Directory.Packages.props
		global.json = global.json
		nuget.config = nuget.config
		stylecop.json = stylecop.json
		StyleCopsRules.ruleset = StyleCopsRules.ruleset
	EndProjectSection
EndProject
Project("{2150E333-8FDC-42A3-9474-1A3956D46DE8}") = ".run", ".run", "{B3B1C5E1-4D3B-4B8E-8B1E-1C5E4D3B4B8E}"
	ProjectSection(SolutionItems) = preProject
		.run/Agent.API.run.xml = .run/Agent.API.run.xml
		.run/prework.run.xml = .run/prework.run.xml
	EndProjectSection
EndProject
Global
	GlobalSection(SolutionConfigurationPlatforms) = preSolution
		Debug|Any CPU = Debug|Any CPU
		Release|Any CPU = Release|Any CPU
	EndGlobalSection
EndGlobal
